
Microsoft Visual Studio Solution File, Format Version 12.00
# Visual Studio Version 17
VisualStudioVersion = 17.9.34728.123
MinimumVisualStudioVersion = 10.0.40219.1
Project("{FAE04EC0-301F-11D3-BF4B-00C04F79EFBC}") = "Cafemanagement", "Cafemanagement\Cafemanagement.csproj", "{405AA4E3-A56C-4BCC-88F8-A0810C85E38A}"
EndProject
Global
	GlobalSection(SolutionConfigurationPlatforms) = preSolution
		Debug|Any CPU = Debug|Any CPU
		Release|Any CPU = Release|Any CPU
	EndGlobalSection
	GlobalSection(ProjectConfigurationPlatforms) = postSolution
		{405AA4E3-A56C-4BCC-88F8-A0810C85E38A}.Debug|Any CPU.ActiveCfg = Debug|Any CPU
		{405AA4E3-A56C-4BCC-88F8-A0810C85E38A}.Debug|Any CPU.Build.0 = Debug|Any CPU
		{405AA4E3-A56C-4BCC-88F8-A0810C85E38A}.Release|Any CPU.ActiveCfg = Release|Any CPU
		{405AA4E3-A56C-4BCC-88F8-A0810C85E38A}.Release|Any CPU.Build.0 = Release|Any CPU
	EndGlobalSection
	GlobalSection(SolutionProperties) = preSolution
		HideSolutionNode = FALSE
	EndGlobalSection
	GlobalSection(ExtensibilityGlobals) = postSolution
		SolutionGuid = {5E5284CC-A167-4CED-BC33-F7795CBA9DDC}
	EndGlobalSection
EndGlobal
